{
  "version": 4,
  "terraform_version": "1.14.7",
  "serial": 29,
  "lineage": "37b6ed12-667e-0c0f-9ff9-9205f985ee6d",
  "outputs": {
    "backend_api_url": {
      "value": "http://32.193.71.47:8080",
      "type": "string"
    },
    "cognito_client_id": {
      "value": "125gtc5edmhdbbvteauqdhcta3",
      "type": "string"
    },
    "cognito_user_pool_id": {
      "value": "us-east-1_9wstms0ZI",
      "type": "string"
    },
    "ec2_public_ip": {
      "value": "32.193.71.47",
      "type": "string"
    },
    "ec2_ssh_command": {
      "value": "ssh -i your-key.pem ubuntu@32.193.71.47",
      "type": "string"
    },
    "lambda_thumbnail_function_arn": {
      "value": "arn:aws:lambda:us-east-1:730883237142:function:heritage-thumbnail-generator-dev",
      "type": "string"
    },
    "lambda_thumbnail_function_name": {
      "value": "heritage-thumbnail-generator-dev",
      "type": "string"
    },
    "s3_bucket_name": {
      "value": "heritage-resources-dev",
      "type": "string"
    }
  },
  "resources": [
    {
      "mode": "data",
      "type": "archive_file",
      "name": "thumbnail_lambda_zip",
      "provider": "provider[\"registry.terraform.io/hashicorp/archive\"]",
      "instances": [
        {
          "schema_version": 0,
          "attributes": {
            "exclude_symlink_directories": null,
            "excludes": null,
            "id": "b01f7cd120e28328236d5e745459cf2389df7abf",
            "output_base64sha256": "gIPgq94cuxP2ZQoPuq21g8iFLtE381jvbmS4eig7fTU=",
            "output_base64sha512": "yorR++jQHuP43bLQZfP9l6jc1+ZyeAcI3pQfcvlIm+orKp8TS17pbI6v8Agbqov5TeapnjOQusBPqEhRdFbDBw==",
            "output_file_mode": null,
            "output_md5": "56a7fb63954fda64e987070651d30558",
            "output_path": "./.build/thumbnail-generator.zip",
            "output_sha": "b01f7cd120e28328236d5e745459cf2389df7abf",
            "output_sha256": "8083e0abde1cbb13f6650a0fbaadb583c8852ed137f358ef6e64b87a283b7d35",
            "output_sha512": "ca8ad1fbe8d01ee3f8ddb2d065f3fd97a8dcd7e672780708de941f72f9489bea2b2a9f134b5ee96c8eaff0081baa8bf94de6a99e3390bac04fa848517456c307",
            "output_size": 1837,
            "source": [],
            "source_content": null,
            "source_content_filename": null,
            "source_dir": "./../lambda/thumbnail-generator",
            "source_file": null,
            "type": "zip"
          },
          "sensitive_attributes": [],
          "identity_schema_version": 0
        }
      ]
    },
    {
      "mode": "data",
      "type": "aws_ami",
      "name": "ubuntu",
      "provider": "provider[\"registry.terraform.io/hashicorp/aws\"]",
      "instances": [
        {
          "schema_version": 0,
          "attributes": {
            "architecture": "x86_64",
            "arn": "arn:aws:ec2:us-east-1::image/ami-04680790a315cd58d",
            "block_device_mappings": [
              {
                "device_name": "/dev/sda1",
                "ebs": {
                  "delete_on_termination": "true",
                  "encrypted": "false",
                  "iops": "0",
                  "snapshot_id": "snap-0b2c426db6335afae",
                  "throughput": "0",
                  "volume_initialization_rate": "0",
                  "volume_size": "8",
                  "volume_type": "gp2"
                },
                "no_device": "",
                "virtual_name": ""
              },
              {
                "device_name": "/dev/sdb",
                "ebs": {},
                "no_device": "",
                "virtual_name": "ephemeral0"
              },
              {
                "device_name": "/dev/sdc",
                "ebs": {},
                "no_device": "",
                "virtual_name": "ephemeral1"
              }
            ],
            "boot_mode": "uefi-preferred",
            "creation_date": "2026-02-18T06:50:21.000Z",
            "deprecation_time": "2028-02-18T06:50:21.000Z",
            "description": "Canonical, Ubuntu, 22.04, amd64 jammy image",
            "ena_support": true,
            "executable_users": null,
            "filter": [
              {
                "name": "name",
                "values": [
                  "ubuntu/images/hvm-ssd/ubuntu-jammy-22.04-amd64-server-*"
                ]
              },
              {
                "name": "virtualization-type",
                "values": [
                  "hvm"
                ]
              }
            ],
            "hypervisor": "xen",
            "id": "ami-04680790a315cd58d",
            "image_id": "ami-04680790a315cd58d",
            "image_location": "amazon/ubuntu/images/hvm-ssd/ubuntu-jammy-22.04-amd64-server-20260218",
            "image_owner_alias": "amazon",
            "image_type": "machine",
            "imds_support": "",
            "include_deprecated": false,
            "kernel_id": "",
            "last_launched_time": "",
            "most_recent": true,
            "name": "ubuntu/images/hvm-ssd/ubuntu-jammy-22.04-amd64-server-20260218",
            "name_regex": null,
            "owner_id": "099720109477",
            "owners": [
              "099720109477"
            ],
            "platform": "",
            "platform_details": "Linux/UNIX",
            "product_codes": [],
            "public": true,
            "ramdisk_id": "",
            "root_device_name": "/dev/sda1",
            "root_device_type": "ebs",
            "root_snapshot_id": "snap-0b2c426db6335afae",
            "sriov_net_support": "simple",
            "state": "available",
            "state_reason": {
              "code": "UNSET",
              "message": "UNSET"
            },
            "tags": {},
            "timeouts": null,
            "tpm_support": "",
            "uefi_data": null,
            "usage_operation": "RunInstances",
            "virtualization_type": "hvm"
          },
          "sensitive_attributes": [],
          "identity_schema_version": 0
        }
      ]
    },
    {
      "mode": "managed",
      "type": "aws_cloudfront_cache_policy",
      "name": "no_cache",
      "provider": "provider[\"registry.terraform.io/hashicorp/aws\"]",
      "instances": [
        {
          "schema_version": 0,
          "attributes": {
            "arn": "arn:aws:cloudfront::730883237142:cache-policy/5db2633d-f283-4e08-93fc-52c19e0acde7",
            "comment": "",
            "default_ttl": 0,
            "etag": "E23ZP02F085DFQ",
            "id": "5db2633d-f283-4e08-93fc-52c19e0acde7",
            "max_ttl": 0,
            "min_ttl": 0,
            "name": "heritage-api-no-cache-dev",
            "parameters_in_cache_key_and_forwarded_to_origin": [
              {
                "cookies_config": [
                  {
                    "cookie_behavior": "none",
                    "cookies": []
                  }
                ],
                "enable_accept_encoding_brotli": false,
                "enable_accept_encoding_gzip": false,
                "headers_config": [
                  {
                    "header_behavior": "whitelist",
                    "headers": [
                      {
                        "items": [
                          "Authorization"
                        ]
                      }
                    ]
                  }
                ],
                "query_strings_config": [
                  {
                    "query_string_behavior": "all",
                    "query_strings": []
                  }
                ]
              }
            ]
          },
          "sensitive_attributes": [],
          "identity_schema_version": 0,
          "private": "bnVsbA=="
        }
      ]
    },
    {
      "mode": "managed",
      "type": "aws_cloudfront_origin_request_policy",
      "name": "forward_all",
      "provider": "provider[\"registry.terraform.io/hashicorp/aws\"]",
      "instances": [
        {
          "schema_version": 0,
          "attributes": {
            "arn": "arn:aws:cloudfront::730883237142:origin-request-policy/a4794362-1a28-4760-8d3f-a1ec06c8f140",
            "comment": "",
            "cookies_config": [
              {
                "cookie_behavior": "all",
                "cookies": []
              }
            ],
            "etag": "E23ZP02F085DFQ",
            "headers_config": [
              {
                "header_behavior": "whitelist",
                "headers": [
                  {
                    "items": [
                      "Accept",
                      "Content-Type",
                      "Origin",
                      "Referer"
                    ]
                  }
                ]
              }
            ],
            "id": "a4794362-1a28-4760-8d3f-a1ec06c8f140",
            "name": "heritage-api-forward-all-dev",
            "query_strings_config": [
              {
                "query_string_behavior": "all",
                "query_strings": []
              }
            ]
          },
          "sensitive_attributes": [],
          "identity_schema_version": 0,
          "private": "bnVsbA=="
        }
      ]
    },
    {
      "mode": "managed",
      "type": "aws_cognito_user_pool",
      "name": "heritage",
      "provider": "provider[\"registry.terraform.io/hashicorp/aws\"]",
      "instances": [
        {
          "schema_version": 0,
          "attributes": {
            "account_recovery_setting": [
              {
                "recovery_mechanism": [
                  {
                    "name": "verified_email",
                    "priority": 1
                  }
                ]
              }
            ],
            "admin_create_user_config": [
              {
                "allow_admin_create_user_only": false,
                "invite_message_template": []
              }
            ],
            "alias_attributes": null,
            "arn": "arn:aws:cognito-idp:us-east-1:730883237142:userpool/us-east-1_9wstms0ZI",
            "auto_verified_attributes": [
              "email"
            ],
            "creation_date": "2026-03-18T11:28:43Z",
            "custom_domain": "",
            "deletion_protection": "INACTIVE",
            "device_configuration": [],
            "domain": "",
            "email_configuration": [
              {
                "configuration_set": "",
                "email_sending_account": "COGNITO_DEFAULT",
                "from_email_address": "",
                "reply_to_email_address": "",
                "source_arn": ""
              }
            ],
            "email_mfa_configuration": [],
            "email_verification_message": "",
            "email_verification_subject": "",
            "endpoint": "cognito-idp.us-east-1.amazonaws.com/us-east-1_9wstms0ZI",
            "estimated_number_of_users": 0,
            "id": "us-east-1_9wstms0ZI",
            "lambda_config": [],
            "last_modified_date": "2026-03-18T11:28:43Z",
            "mfa_configuration": "OFF",
            "name": "heritage-platform-dev",
            "password_policy": [
              {
                "minimum_length": 8,
                "password_history_size": 0,
                "require_lowercase": true,
                "require_numbers": true,
                "require_symbols": false,
                "require_uppercase": true,
                "temporary_password_validity_days": 7
              }
            ],
            "schema": [
              {
                "attribute_data_type": "String",
                "developer_only_attribute": false,
                "mutable": true,
                "name": "role",
                "number_attribute_constraints": [],
                "required": false,
                "string_attribute_constraints": [
                  {
                    "max_length": "32",
                    "min_length": "1"
                  }
                ]
              }
            ],
            "sign_in_policy": [
              {
                "allowed_first_auth_factors": [
                  "PASSWORD"
                ]
              }
            ],
            "sms_authentication_message": "",
            "sms_configuration": [],
            "sms_verification_message": "",
            "software_token_mfa_configuration": [],
            "tags": {
              "Environment": "dev",
              "Project": "heritage-platform"
            },
            "tags_all": {
              "Environment": "dev",
              "Project": "heritage-platform"
            },
            "user_attribute_update_settings": [],
            "user_pool_add_ons": [],
            "user_pool_tier": "ESSENTIALS",
            "username_attributes": [
              "email"
            ],
            "username_configuration": [],
            "verification_message_template": [
              {
                "default_email_option": "CONFIRM_WITH_CODE",
                "email_message": "",
                "email_message_by_link": "",
                "email_subject": "",
                "email_subject_by_link": "",
                "sms_message": ""
              }
            ],
            "web_authn_configuration": []
          },
          "sensitive_attributes": [],
          "identity_schema_version": 0,
          "private": "bnVsbA=="
        }
      ]
    },
    {
      "mode": "managed",
      "type": "aws_cognito_user_pool_client",
      "name": "heritage_client",
      "provider": "provider[\"registry.terraform.io/hashicorp/aws\"]",
      "instances": [
        {
          "schema_version": 0,
          "attributes": {
            "access_token_validity": 1,
            "allowed_oauth_flows": [],
            "allowed_oauth_flows_user_pool_client": false,
            "allowed_oauth_scopes": [],
            "analytics_configuration": [],
            "auth_session_validity": 3,
            "callback_urls": [],
            "client_secret": "",
            "default_redirect_uri": "",
            "enable_propagate_additional_user_context_data": false,
            "enable_token_revocation": true,
            "explicit_auth_flows": [
              "ALLOW_REFRESH_TOKEN_AUTH",
              "ALLOW_USER_PASSWORD_AUTH"
            ],
            "generate_secret": false,
            "id": "125gtc5edmhdbbvteauqdhcta3",
            "id_token_validity": 0,
            "logout_urls": [],
            "name": "heritage-app-client-dev",
            "prevent_user_existence_errors": "ENABLED",
            "read_attributes": [],
            "refresh_token_rotation": [],
            "refresh_token_validity": 30,
            "supported_identity_providers": [],
            "token_validity_units": [
              {
                "access_token": "hours",
                "id_token": "hours",
                "refresh_token": "days"
              }
            ],
            "user_pool_id": "us-east-1_9wstms0ZI",
            "write_attributes": []
          },
          "sensitive_attributes": [
            [
              {
                "type": "get_attr",
                "value": "client_secret"
              }
            ]
          ],
          "identity_schema_version": 0,
          "dependencies": [
            "aws_cognito_user_pool.heritage"
          ]
        }
      ]
    },
    {
      "mode": "managed",
      "type": "aws_eip",
      "name": "backend",
      "provider": "provider[\"registry.terraform.io/hashicorp/aws\"]",
      "instances": [
        {
          "schema_version": 0,
          "attributes": {
            "address": null,
            "allocation_id": "eipalloc-0bb7b81a65ac3e4f5",
            "arn": "arn:aws:ec2:us-east-1:730883237142:elastic-ip/eipalloc-0bb7b81a65ac3e4f5",
            "associate_with_private_ip": null,
            "association_id": "eipassoc-06684b58aa93ea223",
            "carrier_ip": "",
            "customer_owned_ip": "",
            "customer_owned_ipv4_pool": "",
            "domain": "vpc",
            "id": "eipalloc-0bb7b81a65ac3e4f5",
            "instance": "i-00764228929338cd4",
            "ipam_pool_id": null,
            "network_border_group": "us-east-1",
            "network_interface": "eni-02df4fc3d6972c393",
            "private_dns": "ip-172-31-28-153.ec2.internal",
            "private_ip": "172.31.28.153",
            "ptr_record": "",
            "public_dns": "ec2-32-193-71-47.compute-1.amazonaws.com",
            "public_ip": "32.193.71.47",
            "public_ipv4_pool": "amazon",
            "tags": {
              "Environment": "dev",
              "Name": "heritage-backend-dev",
              "Project": "heritage-platform"
            },
            "tags_all": {
              "Environment": "dev",
              "Name": "heritage-backend-dev",
              "Project": "heritage-platform"
            },
            "timeouts": null,
            "vpc": true
          },
          "sensitive_attributes": [],
          "identity_schema_version": 0,
          "private": "eyJlMmJmYjczMC1lY2FhLTExZTYtOGY4OC0zNDM2M2JjN2M0YzAiOnsiZGVsZXRlIjoxODAwMDAwMDAwMDAsInJlYWQiOjkwMDAwMDAwMDAwMCwidXBkYXRlIjozMDAwMDAwMDAwMDB9fQ==",
          "dependencies": [
            "aws_cognito_user_pool.heritage",
            "aws_cognito_user_pool_client.heritage_client",
            "aws_iam_instance_profile.backend",
            "aws_iam_role.ec2_backend",
            "aws_instance.backend",
            "aws_key_pair.heritage",
            "aws_s3_bucket.heritage_resources",
            "aws_security_group.backend",
            "data.aws_ami.ubuntu"
          ]
        }
      ]
    },
    {
      "mode": "managed",
      "type": "aws_iam_instance_profile",
      "name": "backend",
      "provider": "provider[\"registry.terraform.io/hashicorp/aws\"]",
      "instances": [
        {
          "schema_version": 0,
          "attributes": {
            "arn": "arn:aws:iam::730883237142:instance-profile/heritage-backend-dev",
            "create_date": "2026-03-18T11:28:44Z",
            "id": "heritage-backend-dev",
            "name": "heritage-backend-dev",
            "name_prefix": "",
            "path": "/",
            "role": "heritage-ec2-backend-dev",
            "tags": {},
            "tags_all": {},
            "unique_id": "AIPA2ULAJEULEUAB24ZCV"
          },
          "sensitive_attributes": [],
          "identity_schema_version": 0,
          "private": "bnVsbA==",
          "dependencies": [
            "aws_iam_role.ec2_backend"
          ]
        }
      ]
    },
    {
      "mode": "managed",
      "type": "aws_iam_role",
      "name": "ec2_backend",
      "provider": "provider[\"registry.terraform.io/hashicorp/aws\"]",
      "instances": [
        {
          "schema_version": 0,
          "attributes": {
            "arn": "arn:aws:iam::730883237142:role/heritage-ec2-backend-dev",
            "assume_role_policy": "{\"Statement\":[{\"Action\":\"sts:AssumeRole\",\"Effect\":\"Allow\",\"Principal\":{\"Service\":\"ec2.amazonaws.com\"}}],\"Version\":\"2012-10-17\"}",
            "create_date": "2026-03-18T11:28:43Z",
            "description": "",
            "force_detach_policies": false,
            "id": "heritage-ec2-backend-dev",
            "inline_policy": [
              {
                "name": "heritage-ec2-s3-access",
                "policy": "{\"Version\":\"2012-10-17\",\"Statement\":[{\"Action\":[\"s3:GetObject\",\"s3:PutObject\",\"s3:DeleteObject\"],\"Effect\":\"Allow\",\"Resource\":\"arn:aws:s3:::heritage-resources-dev/*\"},{\"Action\":[\"s3:ListBucket\"],\"Effect\":\"Allow\",\"Resource\":\"arn:aws:s3:::heritage-resources-dev\"}]}"
              }
            ],
            "managed_policy_arns": [],
            "max_session_duration": 3600,
            "name": "heritage-ec2-backend-dev",
            "name_prefix": "",
            "path": "/",
            "permissions_boundary": "",
            "tags": {
              "Environment": "dev",
              "Project": "heritage-platform"
            },
            "tags_all": {
              "Environment": "dev",
              "Project": "heritage-platform"
            },
            "unique_id": "AROA2ULAJEULDK7VLAAII"
          },
          "sensitive_attributes": [],
          "identity_schema_version": 0,
          "private": "bnVsbA=="
        }
      ]
    },
    {
      "mode": "managed",
      "type": "aws_iam_role",
      "name": "lambda_thumbnail_role",
      "provider": "provider[\"registry.terraform.io/hashicorp/aws\"]",
      "instances": [
        {
          "schema_version": 0,
          "attributes": {
            "arn": "arn:aws:iam::730883237142:role/heritage-thumbnail-lambda-dev",
            "assume_role_policy": "{\"Statement\":[{\"Action\":\"sts:AssumeRole\",\"Effect\":\"Allow\",\"Principal\":{\"Service\":\"lambda.amazonaws.com\"}}],\"Version\":\"2012-10-17\"}",
            "create_date": "2026-03-18T11:28:43Z",
            "description": "",
            "force_detach_policies": false,
            "id": "heritage-thumbnail-lambda-dev",
            "inline_policy": [
              {
                "name": "heritage-thumbnail-s3-access",
                "policy": "{\"Version\":\"2012-10-17\",\"Statement\":[{\"Action\":[\"s3:GetObject\"],\"Effect\":\"Allow\",\"Resource\":\"arn:aws:s3:::heritage-resources-dev/uploads/*\"},{\"Action\":[\"s3:PutObject\"],\"Effect\":\"Allow\",\"Resource\":\"arn:aws:s3:::heritage-resources-dev/thumbnails/*\"}]}"
              }
            ],
            "managed_policy_arns": [
              "arn:aws:iam::aws:policy/service-role/AWSLambdaBasicExecutionRole"
            ],
            "max_session_duration": 3600,
            "name": "heritage-thumbnail-lambda-dev",
            "name_prefix": "",
            "path": "/",
            "permissions_boundary": "",
            "tags": {
              "Environment": "dev",
              "Project": "heritage-platform"
            },
            "tags_all": {
              "Environment": "dev",
              "Project": "heritage-platform"
            },
            "unique_id": "AROA2ULAJEULH556C2BXS"
          },
          "sensitive_attributes": [],
          "identity_schema_version": 0,
          "private": "bnVsbA=="
        }
      ]
    },
    {
      "mode": "managed",
      "type": "aws_iam_role_policy",
      "name": "ec2_s3_access",
      "provider": "provider[\"registry.terraform.io/hashicorp/aws\"]",
      "instances": [
        {
          "schema_version": 0,
          "attributes": {
            "id": "heritage-ec2-backend-dev:heritage-ec2-s3-access",
            "name": "heritage-ec2-s3-access",
            "name_prefix": "",
            "policy": "{\"Version\":\"2012-10-17\",\"Statement\":[{\"Action\":[\"s3:GetObject\",\"s3:PutObject\",\"s3:DeleteObject\"],\"Effect\":\"Allow\",\"Resource\":\"arn:aws:s3:::heritage-resources-dev/*\"},{\"Action\":[\"s3:ListBucket\"],\"Effect\":\"Allow\",\"Resource\":\"arn:aws:s3:::heritage-resources-dev\"}]}",
            "role": "heritage-ec2-backend-dev"
          },
          "sensitive_attributes": [],
          "identity_schema_version": 0,
          "private": "bnVsbA==",
          "dependencies": [
            "aws_iam_role.ec2_backend",
            "aws_s3_bucket.heritage_resources"
          ]
        }
      ]
    },
    {
      "mode": "managed",
      "type": "aws_iam_role_policy",
      "name": "lambda_s3_access",
      "provider": "provider[\"registry.terraform.io/hashicorp/aws\"]",
      "instances": [
        {
          "schema_version": 0,
          "attributes": {
            "id": "heritage-thumbnail-lambda-dev:heritage-thumbnail-s3-access",
            "name": "heritage-thumbnail-s3-access",
            "name_prefix": "",
            "policy": "{\"Version\":\"2012-10-17\",\"Statement\":[{\"Action\":[\"s3:GetObject\"],\"Effect\":\"Allow\",\"Resource\":\"arn:aws:s3:::heritage-resources-dev/uploads/*\"},{\"Action\":[\"s3:PutObject\"],\"Effect\":\"Allow\",\"Resource\":\"arn:aws:s3:::heritage-resources-dev/thumbnails/*\"}]}",
            "role": "heritage-thumbnail-lambda-dev"
          },
          "sensitive_attributes": [],
          "identity_schema_version": 0,
          "private": "bnVsbA==",
          "dependencies": [
            "aws_iam_role.lambda_thumbnail_role",
            "aws_s3_bucket.heritage_resources"
          ]
        }
      ]
    },
    {
      "mode": "managed",
      "type": "aws_iam_role_policy_attachment",
      "name": "lambda_basic_execution",
      "provider": "provider[\"registry.terraform.io/hashicorp/aws\"]",
      "instances": [
        {
          "schema_version": 0,
          "attributes": {
            "id": "heritage-thumbnail-lambda-dev-20260318112844289700000001",
            "policy_arn": "arn:aws:iam::aws:policy/service-role/AWSLambdaBasicExecutionRole",
            "role": "heritage-thumbnail-lambda-dev"
          },
          "sensitive_attributes": [],
          "identity_schema_version": 0,
          "private": "bnVsbA==",
          "dependencies": [
            "aws_iam_role.lambda_thumbnail_role"
          ]
        }
      ]
    },
    {
      "mode": "managed",
      "type": "aws_instance",
      "name": "backend",
      "provider": "provider[\"registry.terraform.io/hashicorp/aws\"]",
      "instances": [
        {
          "schema_version": 1,
          "attributes": {
            "ami": "ami-04680790a315cd58d",
            "arn": "arn:aws:ec2:us-east-1:730883237142:instance/i-00764228929338cd4",
            "associate_public_ip_address": true,
            "availability_zone": "us-east-1c",
            "capacity_reservation_specification": [
              {
                "capacity_reservation_preference": "open",
                "capacity_reservation_target": []
              }
            ],
            "cpu_core_count": 1,
            "cpu_options": [
              {
                "amd_sev_snp": "",
                "core_count": 1,
                "threads_per_core": 2
              }
            ],
            "cpu_threads_per_core": 2,
            "credit_specification": [
              {
                "cpu_credits": "unlimited"
              }
            ],
            "disable_api_stop": false,
            "disable_api_termination": false,
            "ebs_block_device": [],
            "ebs_optimized": false,
            "enable_primary_ipv6": null,
            "enclave_options": [
              {
                "enabled": false
              }
            ],
            "ephemeral_block_device": [],
            "get_password_data": false,
            "hibernation": false,
            "host_id": "",
            "host_resource_group_arn": null,
            "iam_instance_profile": "heritage-backend-dev",
            "id": "i-00764228929338cd4",
            "instance_initiated_shutdown_behavior": "stop",
            "instance_lifecycle": "",
            "instance_market_options": [],
            "instance_state": "running",
            "instance_type": "t3.small",
            "ipv6_address_count": 0,
            "ipv6_addresses": [],
            "key_name": "heritage-backend-dev",
            "launch_template": [],
            "maintenance_options": [
              {
                "auto_recovery": "default"
              }
            ],
            "metadata_options": [
              {
                "http_endpoint": "enabled",
                "http_protocol_ipv6": "disabled",
                "http_put_response_hop_limit": 1,
                "http_tokens": "optional",
                "instance_metadata_tags": "disabled"
              }
            ],
            "monitoring": false,
            "network_interface": [],
            "outpost_arn": "",
            "password_data": "",
            "placement_group": "",
            "placement_partition_number": 0,
            "primary_network_interface_id": "eni-02df4fc3d6972c393",
            "private_dns": "ip-172-31-28-153.ec2.internal",
            "private_dns_name_options": [
              {
                "enable_resource_name_dns_a_record": false,
                "enable_resource_name_dns_aaaa_record": false,
                "hostname_type": "ip-name"
              }
            ],
            "private_ip": "172.31.28.153",
            "public_dns": "ec2-32-193-71-47.compute-1.amazonaws.com",
            "public_ip": "32.193.71.47",
            "root_block_device": [
              {
                "delete_on_termination": true,
                "device_name": "/dev/sda1",
                "encrypted": false,
                "iops": 3000,
                "kms_key_id": "",
                "tags": {},
                "tags_all": {},
                "throughput": 125,
                "volume_id": "vol-061d429ceb358a732",
                "volume_size": 20,
                "volume_type": "gp3"
              }
            ],
            "secondary_private_ips": [],
            "security_groups": [
              "heritage-backend-dev"
            ],
            "source_dest_check": true,
            "spot_instance_request_id": "",
            "subnet_id": "subnet-012924d19f7e56c57",
            "tags": {
              "Environment": "dev",
              "Name": "heritage-backend-dev",
              "Project": "heritage-platform"
            },
            "tags_all": {
              "Environment": "dev",
              "Name": "heritage-backend-dev",
              "Project": "heritage-platform"
            },
            "tenancy": "default",
            "timeouts": null,
            "user_data": "860239d869565a53f5e2132107b8392458250b8e",
            "user_data_base64": null,
            "user_data_replace_on_change": false,
            "volume_tags": null,
            "vpc_security_group_ids": [
              "sg-04d74a783c73102df"
            ]
          },
          "sensitive_attributes": [
            [
              {
                "type": "get_attr",
                "value": "user_data"
              }
            ]
          ],
          "identity_schema_version": 0,
          "private": "eyJlMmJmYjczMC1lY2FhLTExZTYtOGY4OC0zNDM2M2JjN2M0YzAiOnsiY3JlYXRlIjo2MDAwMDAwMDAwMDAsImRlbGV0ZSI6MTIwMDAwMDAwMDAwMCwicmVhZCI6OTAwMDAwMDAwMDAwLCJ1cGRhdGUiOjYwMDAwMDAwMDAwMH0sInNjaGVtYV92ZXJzaW9uIjoiMSJ9",
          "dependencies": [
            "aws_cognito_user_pool.heritage",
            "aws_cognito_user_pool_client.heritage_client",
            "aws_iam_instance_profile.backend",
            "aws_iam_role.ec2_backend",
            "aws_key_pair.heritage",
            "aws_s3_bucket.heritage_resources",
            "aws_security_group.backend",
            "data.aws_ami.ubuntu"
          ]
        }
      ]
    },
    {
      "mode": "managed",
      "type": "aws_key_pair",
      "name": "heritage",
      "provider": "provider[\"registry.terraform.io/hashicorp/aws\"]",
      "instances": [
        {
          "schema_version": 1,
          "attributes": {
            "arn": "arn:aws:ec2:us-east-1:730883237142:key-pair/heritage-backend-dev",
            "fingerprint": "bkwld+7obk/J9O9gkr9OKFaNY3fuC7TEY0meFfNqoqU=",
            "id": "heritage-backend-dev",
            "key_name": "heritage-backend-dev",
            "key_name_prefix": "",
            "key_pair_id": "key-03fd2dafa7b2dfbba",
            "key_type": "ed25519",
            "public_key": "ssh-ed25519 AAAAC3NzaC1lZDI1NTE5AAAAIHIdaPLExyqr0GqknbS/TSzJknrtDgumWAt+ilVfIfn6 ant\\alexjia@REM-0X453AL0ONX",
            "tags": {},
            "tags_all": {}
          },
          "sensitive_attributes": [],
          "identity_schema_version": 0,
          "private": "eyJzY2hlbWFfdmVyc2lvbiI6IjEifQ=="
        }
      ]
    },
    {
      "mode": "managed",
      "type": "aws_lambda_function",
      "name": "thumbnail_generator",
      "provider": "provider[\"registry.terraform.io/hashicorp/aws\"]",
      "instances": [
        {
          "schema_version": 0,
          "attributes": {
            "architectures": [
              "x86_64"
            ],
            "arn": "arn:aws:lambda:us-east-1:730883237142:function:heritage-thumbnail-generator-dev",
            "code_sha256": "gIPgq94cuxP2ZQoPuq21g8iFLtE381jvbmS4eig7fTU=",
            "code_signing_config_arn": "",
            "dead_letter_config": [],
            "description": "",
            "environment": [
              {
                "variables": {
                  "API_KEY": "change-me-in-production",
                  "BACKEND_API_URL": "http://32.193.71.47:8080",
                  "THUMBNAIL_PREFIX": "thumbnails/"
                }
              }
            ],
            "ephemeral_storage": [
              {
                "size": 512
              }
            ],
            "file_system_config": [],
            "filename": "./.build/thumbnail-generator.zip",
            "function_name": "heritage-thumbnail-generator-dev",
            "handler": "index.handler",
            "id": "heritage-thumbnail-generator-dev",
            "image_config": [],
            "image_uri": "",
            "invoke_arn": "arn:aws:apigateway:us-east-1:lambda:path/2015-03-31/functions/arn:aws:lambda:us-east-1:730883237142:function:heritage-thumbnail-generator-dev/invocations",
            "kms_key_arn": "",
            "last_modified": "2026-03-18T11:29:13.570+0000",
            "layers": [],
            "logging_config": [
              {
                "application_log_level": "",
                "log_format": "Text",
                "log_group": "/aws/lambda/heritage-thumbnail-generator-dev",
                "system_log_level": ""
              }
            ],
            "memory_size": 512,
            "package_type": "Zip",
            "publish": false,
            "qualified_arn": "arn:aws:lambda:us-east-1:730883237142:function:heritage-thumbnail-generator-dev:$LATEST",
            "qualified_invoke_arn": "arn:aws:apigateway:us-east-1:lambda:path/2015-03-31/functions/arn:aws:lambda:us-east-1:730883237142:function:heritage-thumbnail-generator-dev:$LATEST/invocations",
            "replace_security_groups_on_destroy": null,
            "replacement_security_group_ids": null,
            "reserved_concurrent_executions": -1,
            "role": "arn:aws:iam::730883237142:role/heritage-thumbnail-lambda-dev",
            "runtime": "nodejs20.x",
            "s3_bucket": null,
            "s3_key": null,
            "s3_object_version": null,
            "signing_job_arn": "",
            "signing_profile_version_arn": "",
            "skip_destroy": false,
            "snap_start": [],
            "source_code_hash": "gIPgq94cuxP2ZQoPuq21g8iFLtE381jvbmS4eig7fTU=",
            "source_code_size": 1837,
            "tags": {
              "Environment": "dev",
              "Project": "heritage-platform"
            },
            "tags_all": {
              "Environment": "dev",
              "Project": "heritage-platform"
            },
            "timeout": 30,
            "timeouts": null,
            "tracing_config": [
              {
                "mode": "PassThrough"
              }
            ],
            "version": "$LATEST",
            "vpc_config": []
          },
          "sensitive_attributes": [
            [
              {
                "type": "get_attr",
                "value": "environment"
              },
              {
                "type": "index",
                "value": {
                  "value": 0,
                  "type": "number"
                }
              },
              {
                "type": "get_attr",
                "value": "variables"
              },
              {
                "type": "index",
                "value": {
                  "value": "API_KEY",
                  "type": "string"
                }
              }
            ]
          ],
          "identity_schema_version": 0,
          "private": "eyJlMmJmYjczMC1lY2FhLTExZTYtOGY4OC0zNDM2M2JjN2M0YzAiOnsiY3JlYXRlIjo2MDAwMDAwMDAwMDAsImRlbGV0ZSI6NjAwMDAwMDAwMDAwLCJ1cGRhdGUiOjYwMDAwMDAwMDAwMH19",
          "dependencies": [
            "aws_cognito_user_pool.heritage",
            "aws_cognito_user_pool_client.heritage_client",
            "aws_eip.backend",
            "aws_iam_instance_profile.backend",
            "aws_iam_role.ec2_backend",
            "aws_iam_role.lambda_thumbnail_role",
            "aws_instance.backend",
            "aws_key_pair.heritage",
            "aws_s3_bucket.heritage_resources",
            "aws_security_group.backend",
            "data.archive_file.thumbnail_lambda_zip",
            "data.aws_ami.ubuntu"
          ]
        }
      ]
    },
    {
      "mode": "managed",
      "type": "aws_lambda_permission",
      "name": "allow_s3_invoke",
      "provider": "provider[\"registry.terraform.io/hashicorp/aws\"]",
      "instances": [
        {
          "schema_version": 0,
          "attributes": {
            "action": "lambda:InvokeFunction",
            "event_source_token": null,
            "function_name": "heritage-thumbnail-generator-dev",
            "function_url_auth_type": null,
            "id": "AllowS3Invoke",
            "principal": "s3.amazonaws.com",
            "principal_org_id": null,
            "qualifier": "",
            "source_account": null,
            "source_arn": "arn:aws:s3:::heritage-resources-dev",
            "statement_id": "AllowS3Invoke",
            "statement_id_prefix": ""
          },
          "sensitive_attributes": [],
          "identity_schema_version": 0,
          "private": "bnVsbA==",
          "dependencies": [
            "aws_cognito_user_pool.heritage",
            "aws_cognito_user_pool_client.heritage_client",
            "aws_eip.backend",
            "aws_iam_instance_profile.backend",
            "aws_iam_role.ec2_backend",
            "aws_iam_role.lambda_thumbnail_role",
            "aws_instance.backend",
            "aws_key_pair.heritage",
            "aws_lambda_function.thumbnail_generator",
            "aws_s3_bucket.heritage_resources",
            "aws_security_group.backend",
            "data.archive_file.thumbnail_lambda_zip",
            "data.aws_ami.ubuntu"
          ]
        }
      ]
    },
    {
      "mode": "managed",
      "type": "aws_s3_bucket",
      "name": "heritage_resources",
      "provider": "provider[\"registry.terraform.io/hashicorp/aws\"]",
      "instances": [
        {
          "schema_version": 0,
          "attributes": {
            "acceleration_status": "",
            "acl": null,
            "arn": "arn:aws:s3:::heritage-resources-dev",
            "bucket": "heritage-resources-dev",
            "bucket_domain_name": "heritage-resources-dev.s3.amazonaws.com",
            "bucket_prefix": "",
            "bucket_regional_domain_name": "heritage-resources-dev.s3.us-east-1.amazonaws.com",
            "cors_rule": [
              {
                "allowed_headers": [
                  "*"
                ],
                "allowed_methods": [
                  "GET",
                  "PUT"
                ],
                "allowed_origins": [
                  "https://main.d39jebtelw5xqu.amplifyapp.com"
                ],
                "expose_headers": [
                  "ETag"
                ],
                "max_age_seconds": 3600
              }
            ],
            "force_destroy": false,
            "grant": [
              {
                "id": "5a323bd1a55bef532122174051fc2126d9300efa4f21b8247f593c71c0e57a57",
                "permissions": [
                  "FULL_CONTROL"
                ],
                "type": "CanonicalUser",
                "uri": ""
              }
            ],
            "hosted_zone_id": "Z3AQBSTGFYJSTF",
            "id": "heritage-resources-dev",
            "lifecycle_rule": [
              {
                "abort_incomplete_multipart_upload_days": 0,
                "enabled": true,
                "expiration": [
                  {
                    "date": "",
                    "days": 30,
                    "expired_object_delete_marker": false
                  }
                ],
                "id": "cleanup-orphaned-uploads",
                "noncurrent_version_expiration": [],
                "noncurrent_version_transition": [],
                "prefix": "uploads/",
                "tags": {},
                "transition": []
              }
            ],
            "logging": [],
            "object_lock_configuration": [],
            "object_lock_enabled": false,
            "policy": "",
            "region": "us-east-1",
            "replication_configuration": [],
            "request_payer": "BucketOwner",
            "server_side_encryption_configuration": [
              {
                "rule": [
                  {
                    "apply_server_side_encryption_by_default": [
                      {
                        "kms_master_key_id": "",
                        "sse_algorithm": "AES256"
                      }
                    ],
                    "bucket_key_enabled": false
                  }
                ]
              }
            ],
            "tags": {
              "Environment": "dev",
              "Project": "heritage-platform"
            },
            "tags_all": {
              "Environment": "dev",
              "Project": "heritage-platform"
            },
            "timeouts": null,
            "versioning": [
              {
                "enabled": false,
                "mfa_delete": false
              }
            ],
            "website": [],
            "website_domain": null,
            "website_endpoint": null
          },
          "sensitive_attributes": [],
          "identity_schema_version": 0,
          "private": "eyJlMmJmYjczMC1lY2FhLTExZTYtOGY4OC0zNDM2M2JjN2M0YzAiOnsiY3JlYXRlIjoxMjAwMDAwMDAwMDAwLCJkZWxldGUiOjM2MDAwMDAwMDAwMDAsInJlYWQiOjEyMDAwMDAwMDAwMDAsInVwZGF0ZSI6MTIwMDAwMDAwMDAwMH19"
        }
      ]
    },
    {
      "mode": "managed",
      "type": "aws_s3_bucket_cors_configuration",
      "name": "heritage_resources",
      "provider": "provider[\"registry.terraform.io/hashicorp/aws\"]",
      "instances": [
        {
          "schema_version": 0,
          "attributes": {
            "bucket": "heritage-resources-dev",
            "cors_rule": [
              {
                "allowed_headers": [
                  "*"
                ],
                "allowed_methods": [
                  "GET",
                  "PUT"
                ],
                "allowed_origins": [
                  "https://main.d39jebtelw5xqu.amplifyapp.com"
                ],
                "expose_headers": [
                  "ETag"
                ],
                "id": "",
                "max_age_seconds": 3600
              }
            ],
            "expected_bucket_owner": "",
            "id": "heritage-resources-dev"
          },
          "sensitive_attributes": [],
          "identity_schema_version": 0,
          "private": "bnVsbA==",
          "dependencies": [
            "aws_s3_bucket.heritage_resources"
          ]
        }
      ]
    },
    {
      "mode": "managed",
      "type": "aws_s3_bucket_lifecycle_configuration",
      "name": "heritage_resources",
      "provider": "provider[\"registry.terraform.io/hashicorp/aws\"]",
      "instances": [
        {
          "schema_version": 1,
          "attributes": {
            "bucket": "heritage-resources-dev",
            "expected_bucket_owner": "",
            "id": "heritage-resources-dev",
            "rule": [
              {
                "abort_incomplete_multipart_upload": [],
                "expiration": [
                  {
                    "date": null,
                    "days": 30,
                    "expired_object_delete_marker": false
                  }
                ],
                "filter": [
                  {
                    "and": [],
                    "object_size_greater_than": null,
                    "object_size_less_than": null,
                    "prefix": "uploads/",
                    "tag": []
                  }
                ],
                "id": "cleanup-orphaned-uploads",
                "noncurrent_version_expiration": [],
                "noncurrent_version_transition": [],
                "prefix": "",
                "status": "Enabled",
                "transition": []
              }
            ],
            "timeouts": null,
            "transition_default_minimum_object_size": "all_storage_classes_128K"
          },
          "sensitive_attributes": [],
          "identity_schema_version": 0,
          "dependencies": [
            "aws_s3_bucket.heritage_resources"
          ]
        }
      ]
    },
    {
      "mode": "managed",
      "type": "aws_s3_bucket_notification",
      "name": "heritage_uploads",
      "provider": "provider[\"registry.terraform.io/hashicorp/aws\"]",
      "instances": [
        {
          "schema_version": 0,
          "attributes": {
            "bucket": "heritage-resources-dev",
            "eventbridge": false,
            "id": "heritage-resources-dev",
            "lambda_function": [
              {
                "events": [
                  "s3:ObjectCreated:*"
                ],
                "filter_prefix": "uploads/",
                "filter_suffix": "",
                "id": "tf-s3-lambda-20260318112920780600000003",
                "lambda_function_arn": "arn:aws:lambda:us-east-1:730883237142:function:heritage-thumbnail-generator-dev"
              }
            ],
            "queue": [],
            "topic": []
          },
          "sensitive_attributes": [],
          "identity_schema_version": 0,
          "private": "bnVsbA==",
          "dependencies": [
            "aws_cognito_user_pool.heritage",
            "aws_cognito_user_pool_client.heritage_client",
            "aws_eip.backend",
            "aws_iam_instance_profile.backend",
            "aws_iam_role.ec2_backend",
            "aws_iam_role.lambda_thumbnail_role",
            "aws_instance.backend",
            "aws_key_pair.heritage",
            "aws_lambda_function.thumbnail_generator",
            "aws_lambda_permission.allow_s3_invoke",
            "aws_s3_bucket.heritage_resources",
            "aws_security_group.backend",
            "data.archive_file.thumbnail_lambda_zip",
            "data.aws_ami.ubuntu"
          ]
        }
      ]
    },
    {
      "mode": "managed",
      "type": "aws_s3_bucket_public_access_block",
      "name": "heritage_resources",
      "provider": "provider[\"registry.terraform.io/hashicorp/aws\"]",
      "instances": [
        {
          "schema_version": 0,
          "attributes": {
            "block_public_acls": true,
            "block_public_policy": true,
            "bucket": "heritage-resources-dev",
            "id": "heritage-resources-dev",
            "ignore_public_acls": true,
            "restrict_public_buckets": true
          },
          "sensitive_attributes": [],
          "identity_schema_version": 0,
          "private": "bnVsbA==",
          "dependencies": [
            "aws_s3_bucket.heritage_resources"
          ]
        }
      ]
    },
    {
      "mode": "managed",
      "type": "aws_security_group",
      "name": "backend",
      "provider": "provider[\"registry.terraform.io/hashicorp/aws\"]",
      "instances": [
        {
          "schema_version": 1,
          "attributes": {
            "arn": "arn:aws:ec2:us-east-1:730883237142:security-group/sg-04d74a783c73102df",
            "description": "Security group for Heritage Platform backend",
            "egress": [
              {
                "cidr_blocks": [
                  "0.0.0.0/0"
                ],
                "description": "",
                "from_port": 0,
                "ipv6_cidr_blocks": [],
                "prefix_list_ids": [],
                "protocol": "-1",
                "security_groups": [],
                "self": false,
                "to_port": 0
              }
            ],
            "id": "sg-04d74a783c73102df",
            "ingress": [
              {
                "cidr_blocks": [
                  "0.0.0.0/0"
                ],
                "description": "SSH access",
                "from_port": 22,
                "ipv6_cidr_blocks": [],
                "prefix_list_ids": [],
                "protocol": "tcp",
                "security_groups": [],
                "self": false,
                "to_port": 22
              },
              {
                "cidr_blocks": [
                  "0.0.0.0/0"
                ],
                "description": "Spring Boot API",
                "from_port": 8080,
                "ipv6_cidr_blocks": [],
                "prefix_list_ids": [],
                "protocol": "tcp",
                "security_groups": [],
                "self": false,
                "to_port": 8080
              }
            ],
            "name": "heritage-backend-dev",
            "name_prefix": "",
            "owner_id": "730883237142",
            "revoke_rules_on_delete": false,
            "tags": {
              "Environment": "dev",
              "Name": "heritage-backend-dev",
              "Project": "heritage-platform"
            },
            "tags_all": {
              "Environment": "dev",
              "Name": "heritage-backend-dev",
              "Project": "heritage-platform"
            },
            "timeouts": null,
            "vpc_id": "vpc-01f7d5d52adbf051f"
          },
          "sensitive_attributes": [],
          "identity_schema_version": 0,
          "private": "eyJlMmJmYjczMC1lY2FhLTExZTYtOGY4OC0zNDM2M2JjN2M0YzAiOnsiY3JlYXRlIjo2MDAwMDAwMDAwMDAsImRlbGV0ZSI6OTAwMDAwMDAwMDAwfSwic2NoZW1hX3ZlcnNpb24iOiIxIn0="
        }
      ]
    }
  ],
  "check_results": null
}
